
Microsoft Visual Studio Solution File, Format Version 12.00
# Visual Studio 14
VisualStudioVersion = 14.0.25420.1
MinimumVisualStudioVersion = 10.0.40219.1
Project("{FAE04EC0-301F-11D3-BF4B-00C04F79EFBC}") = "SqlComply.Lib", "SqlComply.Lib.csproj", "{58E9C260-4E15-4419-B423-52A6372C5717}"
EndProject
Project("{FAE04EC0-301F-11D3-BF4B-00C04F79EFBC}") = "SqlComply.Lib.Tests", "..\SqlComply.Lib.Tests\SqlComply.Lib.Tests.csproj", "{DBB53785-6A54-42AE-9293-3623AF485607}"
EndProject
Global
	GlobalSection(SolutionConfigurationPlatforms) = preSolution
		Debug|Any CPU = Debug|Any CPU
		Release|Any CPU = Release|Any CPU
	EndGlobalSection
	GlobalSection(ProjectConfigurationPlatforms) = postSolution
		{58E9C260-4E15-4419-B423-52A6372C5717}.Debug|Any CPU.ActiveCfg = Debug|Any CPU
		{58E9C260-4E15-4419-B423-52A6372C5717}.Debug|Any CPU.Build.0 = Debug|Any CPU
		{58E9C260-4E15-4419-B423-52A6372C5717}.Release|Any CPU.ActiveCfg = Release|Any CPU
		{58E9C260-4E15-4419-B423-52A6372C5717}.Release|Any CPU.Build.0 = Release|Any CPU
		{DBB53785-6A54-42AE-9293-3623AF485607}.Debug|Any CPU.ActiveCfg = Debug|Any CPU
		{DBB53785-6A54-42AE-9293-3623AF485607}.Debug|Any CPU.Build.0 = Debug|Any CPU
		{DBB53785-6A54-42AE-9293-3623AF485607}.Release|Any CPU.ActiveCfg = Release|Any CPU
		{DBB53785-6A54-42AE-9293-3623AF485607}.Release|Any CPU.Build.0 = Release|Any CPU
	EndGlobalSection
	GlobalSection(SolutionProperties) = preSolution
		HideSolutionNode = FALSE
	EndGlobalSection
EndGlobal
